// !$*UTF8*$!
{
	archiveVersion = 1;
	classes = {
	};
	objectVersion = 50;
	objects = {

/* Begin PBXBuildFile section */
		840E462A22D83C5700796440 /* Item.swift in Sources */ = {isa = PBXBuildFile; fileRef = 840E462922D83C5700796440 /* Item.swift */; };
		841B641C22E73AC0003B7CFE /* CategoryViewController.swift in Sources */ = {isa = PBXBuildFile; fileRef = 841B641B22E73AC0003B7CFE /* CategoryViewController.swift */; };
		841B641E22E74054003B7CFE /* Category.swift in Sources */ = {isa = PBXBuildFile; fileRef = 841B641D22E74054003B7CFE /* Category.swift */; };
		846D83B422C6958300D4D2AD /* AppDelegate.swift in Sources */ = {isa = PBXBuildFile; fileRef = 846D83B322C6958300D4D2AD /* AppDelegate.swift */; };
		846D83B622C6958300D4D2AD /* TodoListViewController.swift in Sources */ = {isa = PBXBuildFile; fileRef = 846D83B522C6958300D4D2AD /* TodoListViewController.swift */; };
		846D83B922C6958300D4D2AD /* Main.storyboard in Resources */ = {isa = PBXBuildFile; fileRef = 846D83B722C6958300D4D2AD /* Main.storyboard */; };
		846D83BB22C6958500D4D2AD /* Assets.xcassets in Resources */ = {isa = PBXBuildFile; fileRef = 846D83BA22C6958500D4D2AD /* Assets.xcassets */; };
		846D83BE22C6958500D4D2AD /* LaunchScreen.storyboard in Resources */ = {isa = PBXBuildFile; fileRef = 846D83BC22C6958500D4D2AD /* LaunchScreen.storyboard */; };
		84F2CED522E0E08000ED2124 /* DataModel.xcdatamodeld in Sources */ = {isa = PBXBuildFile; fileRef = 84F2CED322E0E08000ED2124 /* DataModel.xcdatamodeld */; };
		FE825191F83861D88358E11C /* Pods_ToDoey.framework in Frameworks */ = {isa = PBXBuildFile; fileRef = 20529921B0C49F22BA5DDDD1 /* Pods_ToDoey.framework */; };
/* End PBXBuildFile section */

/* Begin PBXFileReference section */
		20529921B0C49F22BA5DDDD1 /* Pods_ToDoey.framework */ = {isa = PBXFileReference; explicitFileType = wrapper.framework; includeInIndex = 0; path = Pods_ToDoey.framework; sourceTree = BUILT_PRODUCTS_DIR; };
		49F49CDF3F474BF67F3760A1 /* Pods-ToDoey.debug.xcconfig */ = {isa = PBXFileReference; includeInIndex = 1; lastKnownFileType = text.xcconfig; name = "Pods-ToDoey.debug.xcconfig"; path = "Target Support Files/Pods-ToDoey/Pods-ToDoey.debug.xcconfig"; sourceTree = "<group>"; };
		840E462922D83C5700796440 /* Item.swift */ = {isa = PBXFileReference; lastKnownFileType = sourcecode.swift; path = Item.swift; sourceTree = "<group>"; };
		841B641B22E73AC0003B7CFE /* CategoryViewController.swift */ = {isa = PBXFileReference; lastKnownFileType = sourcecode.swift; path = CategoryViewController.swift; sourceTree = "<group>"; };
		841B641D22E74054003B7CFE /* Category.swift */ = {isa = PBXFileReference; lastKnownFileType = sourcecode.swift; name = Category.swift; path = "ToDoey/Data Model/Category.swift"; sourceTree = SOURCE_ROOT; };
		846D83B022C6958300D4D2AD /* ToDoey.app */ = {isa = PBXFileReference; explicitFileType = wrapper.application; includeInIndex = 0; path = ToDoey.app; sourceTree = BUILT_PRODUCTS_DIR; };
		846D83B322C6958300D4D2AD /* AppDelegate.swift */ = {isa = PBXFileReference; lastKnownFileType = sourcecode.swift; path = AppDelegate.swift; sourceTree = "<group>"; };
		846D83B522C6958300D4D2AD /* TodoListViewController.swift */ = {isa = PBXFileReference; lastKnownFileType = sourcecode.swift; path = TodoListViewController.swift; sourceTree = "<group>"; };
		846D83B822C6958300D4D2AD /* Base */ = {isa = PBXFileReference; lastKnownFileType = file.storyboard; name = Base; path = Base.lproj/Main.storyboard; sourceTree = "<group>"; };
		846D83BA22C6958500D4D2AD /* Assets.xcassets */ = {isa = PBXFileReference; lastKnownFileType = folder.assetcatalog; path = Assets.xcassets; sourceTree = "<group>"; };
		846D83BD22C6958500D4D2AD /* Base */ = {isa = PBXFileReference; lastKnownFileType = file.storyboard; name = Base; path = Base.lproj/LaunchScreen.storyboard; sourceTree = "<group>"; };
		846D83BF22C6958500D4D2AD /* Info.plist */ = {isa = PBXFileReference; lastKnownFileType = text.plist.xml; path = Info.plist; sourceTree = "<group>"; };
		84F2CED422E0E08000ED2124 /* DataModel.xcdatamodel */ = {isa = PBXFileReference; lastKnownFileType = wrapper.xcdatamodel; path = DataModel.xcdatamodel; sourceTree = "<group>"; };
		FBF3C82B5C7C6F97733CBA48 /* Pods-ToDoey.release.xcconfig */ = {isa = PBXFileReference; includeInIndex = 1; lastKnownFileType = text.xcconfig; name = "Pods-ToDoey.release.xcconfig"; path = "Target Support Files/Pods-ToDoey/Pods-ToDoey.release.xcconfig"; sourceTree = "<group>"; };
/* End PBXFileReference section */

/* Begin PBXFrameworksBuildPhase section */
		846D83AD22C6958300D4D2AD /* Frameworks */ = {
			isa = PBXFrameworksBuildPhase;
			buildActionMask = 2147483647;
			files = (
				FE825191F83861D88358E11C /* Pods_ToDoey.framework in Frameworks */,
			);
			runOnlyForDeploymentPostprocessing = 0;
		};
/* End PBXFrameworksBuildPhase section */

/* Begin PBXGroup section */
		140137999C31E789281D019F /* Frameworks */ = {
			isa = PBXGroup;
			children = (
				20529921B0C49F22BA5DDDD1 /* Pods_ToDoey.framework */,
			);
			name = Frameworks;
			sourceTree = "<group>";
		};
		1D26A390D9603528F3D6B708 /* Pods */ = {
			isa = PBXGroup;
			children = (
				49F49CDF3F474BF67F3760A1 /* Pods-ToDoey.debug.xcconfig */,
				FBF3C82B5C7C6F97733CBA48 /* Pods-ToDoey.release.xcconfig */,
			);
			name = Pods;
			path = Pods;
			sourceTree = "<group>";
		};
		840E462B22D83C6900796440 /* Data Model */ = {
			isa = PBXGroup;
			children = (
				841B641D22E74054003B7CFE /* Category.swift */,
				840E462922D83C5700796440 /* Item.swift */,
				84F2CED322E0E08000ED2124 /* DataModel.xcdatamodeld */,
			);
			path = "Data Model";
			sourceTree = "<group>";
		};
		840E462C22D83C7500796440 /* Controllers */ = {
			isa = PBXGroup;
			children = (
				841B641B22E73AC0003B7CFE /* CategoryViewController.swift */,
				846D83B522C6958300D4D2AD /* TodoListViewController.swift */,
			);
			path = Controllers;
			sourceTree = "<group>";
		};
		840E462D22D83C9100796440 /* Views */ = {
			isa = PBXGroup;
			children = (
				846D83B722C6958300D4D2AD /* Main.storyboard */,
			);
			path = Views;
			sourceTree = "<group>";
		};
		840E462E22D83CA100796440 /* Supporting Files */ = {
			isa = PBXGroup;
			children = (
				846D83BA22C6958500D4D2AD /* Assets.xcassets */,
				846D83BC22C6958500D4D2AD /* LaunchScreen.storyboard */,
			);
			path = "Supporting Files";
			sourceTree = "<group>";
		};
		846D83A722C6958300D4D2AD = {
			isa = PBXGroup;
			children = (
				846D83B222C6958300D4D2AD /* ToDoey */,
				846D83B122C6958300D4D2AD /* Products */,
				1D26A390D9603528F3D6B708 /* Pods */,
				140137999C31E789281D019F /* Frameworks */,
			);
			sourceTree = "<group>";
		};
		846D83B122C6958300D4D2AD /* Products */ = {
			isa = PBXGroup;
			children = (
				846D83B022C6958300D4D2AD /* ToDoey.app */,
			);
			name = Products;
			sourceTree = "<group>";
		};
		846D83B222C6958300D4D2AD /* ToDoey */ = {
			isa = PBXGroup;
			children = (
				846D83B322C6958300D4D2AD /* AppDelegate.swift */,
				840E462B22D83C6900796440 /* Data Model */,
				840E462C22D83C7500796440 /* Controllers */,
				840E462D22D83C9100796440 /* Views */,
				840E462E22D83CA100796440 /* Supporting Files */,
				846D83BF22C6958500D4D2AD /* Info.plist */,
			);
			path = ToDoey;
			sourceTree = "<group>";
		};
/* End PBXGroup section */

/* Begin PBXNativeTarget section */
		846D83AF22C6958300D4D2AD /* ToDoey */ = {
			isa = PBXNativeTarget;
			buildConfigurationList = 846D83C222C6958500D4D2AD /* Build configuration list for PBXNativeTarget "ToDoey" */;
			buildPhases = (
				3270505B435658D12A12FBC5 /* [CP] Check Pods Manifest.lock */,
				846D83AC22C6958300D4D2AD /* Sources */,
				846D83AD22C6958300D4D2AD /* Frameworks */,
				846D83AE22C6958300D4D2AD /* Resources */,
				516B8621E12C1FAE80744518 /* [CP] Embed Pods Frameworks */,
			);
			buildRules = (
			);
			dependencies = (
			);
			name = ToDoey;
			productName = ToDoey;
			productReference = 846D83B022C6958300D4D2AD /* ToDoey.app */;
			productType = "com.apple.product-type.application";
		};
/* End PBXNativeTarget section */

/* Begin PBXProject section */
		846D83A822C6958300D4D2AD /* Project object */ = {
			isa = PBXProject;
			attributes = {
				LastSwiftUpdateCheck = 1020;
				LastUpgradeCheck = 1020;
				ORGANIZATIONNAME = Advantagion;
				TargetAttributes = {
					846D83AF22C6958300D4D2AD = {
						CreatedOnToolsVersion = 10.2.1;
					};
				};
			};
			buildConfigurationList = 846D83AB22C6958300D4D2AD /* Build configuration list for PBXProject "ToDoey" */;
			compatibilityVersion = "Xcode 9.3";
			developmentRegion = en;
			hasScannedForEncodings = 0;
			knownRegions = (
				en,
				Base,
			);
			mainGroup = 846D83A722C6958300D4D2AD;
			productRefGroup = 846D83B122C6958300D4D2AD /* Products */;
			projectDirPath = "";
			projectRoot = "";
			targets = (
				846D83AF22C6958300D4D2AD /* ToDoey */,
			);
		};
/* End PBXProject section */

/* Begin PBXResourcesBuildPhase section */
		846D83AE22C6958300D4D2AD /* Resources */ = {
			isa = PBXResourcesBuildPhase;
			buildActionMask = 2147483647;
			files = (
				846D83BE22C6958500D4D2AD /* LaunchScreen.storyboard in Resources */,
				846D83BB22C6958500D4D2AD /* Assets.xcassets in Resources */,
				846D83B922C6958300D4D2AD /* Main.storyboard in Resources */,
			);
			runOnlyForDeploymentPostprocessing = 0;
		};
/* End PBXResourcesBuildPhase section */

/* Begin PBXShellScriptBuildPhase section */
		3270505B435658D12A12FBC5 /* [CP] Check Pods Manifest.lock */ = {
			isa = PBXShellScriptBuildPhase;
			buildActionMask = 2147483647;
			files = (
			);
			inputFileListPaths = (
			);
			inputPaths = (
				"${PODS_PODFILE_DIR_PATH}/Podfile.lock",
				"${PODS_ROOT}/Manifest.lock",
			);
			name = "[CP] Check Pods Manifest.lock";
			outputFileListPaths = (
			);
			outputPaths = (
				"$(DERIVED_FILE_DIR)/Pods-ToDoey-checkManifestLockResult.txt",
			);
			runOnlyForDeploymentPostprocessing = 0;
			shellPath = /bin/sh;
			shellScript = "diff \"${PODS_PODFILE_DIR_PATH}/Podfile.lock\" \"${PODS_ROOT}/Manifest.lock\" > /dev/null\nif [ $? != 0 ] ; then\n    # print error to STDERR\n    echo \"error: The sandbox is not in sync with the Podfile.lock. Run 'pod install' or update your CocoaPods installation.\" >&2\n    exit 1\nfi\n# This output is used by Xcode 'outputs' to avoid re-running this script phase.\necho \"SUCCESS\" > \"${SCRIPT_OUTPUT_FILE_0}\"\n";
			showEnvVarsInLog = 0;
		};
		516B8621E12C1FAE80744518 /* [CP] Embed Pods Frameworks */ = {
			isa = PBXShellScriptBuildPhase;
			buildActionMask = 2147483647;
			files = (
			);
			inputFileListPaths = (
				"${PODS_ROOT}/Target Support Files/Pods-ToDoey/Pods-ToDoey-frameworks-${CONFIGURATION}-input-files.xcfilelist",
			);
			name = "[CP] Embed Pods Frameworks";
			outputFileListPaths = (
				"${PODS_ROOT}/Target Support Files/Pods-ToDoey/Pods-ToDoey-frameworks-${CONFIGURATION}-output-files.xcfilelist",
			);
			runOnlyForDeploymentPostprocessing = 0;
			shellPath = /bin/sh;
			shellScript = "\"${PODS_ROOT}/Target Support Files/Pods-ToDoey/Pods-ToDoey-frameworks.sh\"\n";
			showEnvVarsInLog = 0;
		};
/* End PBXShellScriptBuildPhase section */

/* Begin PBXSourcesBuildPhase section */
		846D83AC22C6958300D4D2AD /* Sources */ = {
			isa = PBXSourcesBuildPhase;
			buildActionMask = 2147483647;
			files = (
				841B641C22E73AC0003B7CFE /* CategoryViewController.swift in Sources */,
				846D83B622C6958300D4D2AD /* TodoListViewController.swift in Sources */,
				84F2CED522E0E08000ED2124 /* DataModel.xcdatamodeld in Sources */,
				840E462A22D83C5700796440 /* Item.swift in Sources */,
				846D83B422C6958300D4D2AD /* AppDelegate.swift in Sources */,
				841B641E22E74054003B7CFE /* Category.swift in Sources */,
			);
			runOnlyForDeploymentPostprocessing = 0;
		};
/* End PBXSourcesBuildPhase section */

/* Begin PBXVariantGroup section */
		846D83B722C6958300D4D2AD /* Main.storyboard */ = {
			isa = PBXVariantGroup;
			children = (
				846D83B822C6958300D4D2AD /* Base */,
			);
			name = Main.storyboard;
			sourceTree = "<group>";
		};
		846D83BC22C6958500D4D2AD /* LaunchScreen.storyboard */ = {
			isa = PBXVariantGroup;
			children = (
				846D83BD22C6958500D4D2AD /* Base */,
			);
			name = LaunchScreen.storyboard;
			sourceTree = "<group>";
		};
/* End PBXVariantGroup section */

/* Begin XCBuildConfiguration section */
		846D83C022C6958500D4D2AD /* Debug */ = {
			isa = XCBuildConfiguration;
			buildSettings = {
				ALWAYS_SEARCH_USER_PATHS = NO;
				CLANG_ANALYZER_NONNULL = YES;
				CLANG_ANALYZER_NUMBER_OBJECT_CONVERSION = YES_AGGRESSIVE;
				CLANG_CXX_LANGUAGE_STANDARD = "gnu++14";
				CLANG_CXX_LIBRARY = "libc++";
				CLANG_ENABLE_MODULES = YES;
				CLANG_ENABLE_OBJC_ARC = YES;
				CLANG_ENABLE_OBJC_WEAK = YES;
				CLANG_WARN_BLOCK_CAPTURE_AUTORELEASING = YES;
				CLANG_WARN_BOOL_CONVERSION = YES;
				CLANG_WARN_COMMA = YES;
				CLANG_WARN_CONSTANT_CONVERSION = YES;
				CLANG_WARN_DEPRECATED_OBJC_IMPLEMENTATIONS = YES;
				CLANG_WARN_DIRECT_OBJC_ISA_USAGE = YES_ERROR;
				CLANG_WARN_DOCUMENTATION_COMMENTS = YES;
				CLANG_WARN_EMPTY_BODY = YES;
				CLANG_WARN_ENUM_CONVERSION = YES;
				CLANG_WARN_INFINITE_RECURSION = YES;
				CLANG_WARN_INT_CONVERSION = YES;
				CLANG_WARN_NON_LITERAL_NULL_CONVERSION = YES;
				CLANG_WARN_OBJC_IMPLICIT_RETAIN_SELF = YES;
				CLANG_WARN_OBJC_LITERAL_CONVERSION = YES;
				CLANG_WARN_OBJC_ROOT_CLASS = YES_ERROR;
				CLANG_WARN_RANGE_LOOP_ANALYSIS = YES;
				CLANG_WARN_STRICT_PROTOTYPES = YES;
				CLANG_WARN_SUSPICIOUS_MOVE = YES;
				CLANG_WARN_UNGUARDED_AVAILABILITY = YES_AGGRESSIVE;
				CLANG_WARN_UNREACHABLE_CODE = YES;
				CLANG_WARN__DUPLICATE_METHOD_MATCH = YES;
				CODE_SIGN_IDENTITY = "iPhone Developer";
				COPY_PHASE_STRIP = NO;
				DEBUG_INFORMATION_FORMAT = dwarf;
				ENABLE_STRICT_OBJC_MSGSEND = YES;
				ENABLE_TESTABILITY = YES;
				GCC_C_LANGUAGE_STANDARD = gnu11;
				GCC_DYNAMIC_NO_PIC = NO;
				GCC_NO_COMMON_BLOCKS = YES;
				GCC_OPTIMIZATION_LEVEL = 0;
				GCC_PREPROCESSOR_DEFINITIONS = (
					"DEBUG=1",
					"$(inherited)",
				);
				GCC_WARN_64_TO_32_BIT_CONVERSION = YES;
				GCC_WARN_ABOUT_RETURN_TYPE = YES_ERROR;
				GCC_WARN_UNDECLARED_SELECTOR = YES;
				GCC_WARN_UNINITIALIZED_AUTOS = YES_AGGRESSIVE;
				GCC_WARN_UNUSED_FUNCTION = YES;
				GCC_WARN_UNUSED_VARIABLE = YES;
				IPHONEOS_DEPLOYMENT_TARGET = 12.2;
				MTL_ENABLE_DEBUG_INFO = INCLUDE_SOURCE;
				MTL_FAST_MATH = YES;
				ONLY_ACTIVE_ARCH = YES;
				SDKROOT = iphoneos;
				SWIFT_ACTIVE_COMPILATION_CONDITIONS = DEBUG;
				SWIFT_OPTIMIZATION_LEVEL = "-Onone";
			};
			name = Debug;
		};
		846D83C122C6958500D4D2AD /* Release */ = {
			isa = XCBuildConfiguration;
			buildSettings = {
				ALWAYS_SEARCH_USER_PATHS = NO;
				CLANG_ANALYZER_NONNULL = YES;
				CLANG_ANALYZER_NUMBER_OBJECT_CONVERSION = YES_AGGRESSIVE;
				CLANG_CXX_LANGUAGE_STANDARD = "gnu++14";
				CLANG_CXX_LIBRARY = "libc++";
				CLANG_ENABLE_MODULES = YES;
				CLANG_ENABLE_OBJC_ARC = YES;
				CLANG_ENABLE_OBJC_WEAK = YES;
				CLANG_WARN_BLOCK_CAPTURE_AUTORELEASING = YES;
				CLANG_WARN_BOOL_CONVERSION = YES;
				CLANG_WARN_COMMA = YES;
				CLANG_WARN_CONSTANT_CONVERSION = YES;
				CLANG_WARN_DEPRECATED_OBJC_IMPLEMENTATIONS = YES;
				CLANG_WARN_DIRECT_OBJC_ISA_USAGE = YES_ERROR;
				CLANG_WARN_DOCUMENTATION_COMMENTS = YES;
				CLANG_WARN_EMPTY_BODY = YES;
				CLANG_WARN_ENUM_CONVERSION = YES;
				CLANG_WARN_INFINITE_RECURSION = YES;
				CLANG_WARN_INT_CONVERSION = YES;
				CLANG_WARN_NON_LITERAL_NULL_CONVERSION = YES;
				CLANG_WARN_OBJC_IMPLICIT_RETAIN_SELF = YES;
				CLANG_WARN_OBJC_LITERAL_CONVERSION = YES;
				CLANG_WARN_OBJC_ROOT_CLASS = YES_ERROR;
				CLANG_WARN_RANGE_LOOP_ANALYSIS = YES;
				CLANG_WARN_STRICT_PROTOTYPES = YES;
				CLANG_WARN_SUSPICIOUS_MOVE = YES;
				CLANG_WARN_UNGUARDED_AVAILABILITY = YES_AGGRESSIVE;
				CLANG_WARN_UNREACHABLE_CODE = YES;
				CLANG_WARN__DUPLICATE_METHOD_MATCH = YES;
				CODE_SIGN_IDENTITY = "iPhone Developer";
				COPY_PHASE_STRIP = NO;
				DEBUG_INFORMATION_FORMAT = "dwarf-with-dsym";
				ENABLE_NS_ASSERTIONS = NO;
				ENABLE_STRICT_OBJC_MSGSEND = YES;
				GCC_C_LANGUAGE_STANDARD = gnu11;
				GCC_NO_COMMON_BLOCKS = YES;
				GCC_WARN_64_TO_32_BIT_CONVERSION = YES;
				GCC_WARN_ABOUT_RETURN_TYPE = YES_ERROR;
				GCC_WARN_UNDECLARED_SELECTOR = YES;
				GCC_WARN_UNINITIALIZED_AUTOS = YES_AGGRESSIVE;
				GCC_WARN_UNUSED_FUNCTION = YES;
				GCC_WARN_UNUSED_VARIABLE = YES;
				IPHONEOS_DEPLOYMENT_TARGET = 12.2;
				MTL_ENABLE_DEBUG_INFO = NO;
				MTL_FAST_MATH = YES;
				SDKROOT = iphoneos;
				SWIFT_COMPILATION_MODE = wholemodule;
				SWIFT_OPTIMIZATION_LEVEL = "-O";
				VALIDATE_PRODUCT = YES;
			};
			name = Release;
		};
		846D83C322C6958500D4D2AD /* Debug */ = {
			isa = XCBuildConfiguration;
			baseConfigurationReference = 49F49CDF3F474BF67F3760A1 /* Pods-ToDoey.debug.xcconfig */;
			buildSettings = {
				ASSETCATALOG_COMPILER_APPICON_NAME = AppIcon;
				CODE_SIGN_STYLE = Automatic;
				DEVELOPMENT_TEAM = RW6KJPXT8T;
				INFOPLIST_FILE = ToDoey/Info.plist;
				LD_RUNPATH_SEARCH_PATHS = (
					"$(inherited)",
					"@executable_path/Frameworks",
				);
				PRODUCT_BUNDLE_IDENTIFIER = com.advantagion.ToDoey;
				PRODUCT_NAME = "$(TARGET_NAME)";
				SWIFT_VERSION = 5.0;
				TARGETED_DEVICE_FAMILY = "1,2";
			};
			name = Debug;
		};
		846D83C422C6958500D4D2AD /* Release */ = {
			isa = XCBuildConfiguration;
			baseConfigurationReference = FBF3C82B5C7C6F97733CBA48 /* Pods-ToDoey.release.xcconfig */;
			buildSettings = {
				ASSETCATALOG_COMPILER_APPICON_NAME = AppIcon;
				CODE_SIGN_STYLE = Automatic;
				DEVELOPMENT_TEAM = RW6KJPXT8T;
				INFOPLIST_FILE = ToDoey/Info.plist;
				LD_RUNPATH_SEARCH_PATHS = (
					"$(inherited)",
					"@executable_path/Frameworks",
				);
				PRODUCT_BUNDLE_IDENTIFIER = com.advantagion.ToDoey;
				PRODUCT_NAME = "$(TARGET_NAME)";
				SWIFT_VERSION = 5.0;
				TARGETED_DEVICE_FAMILY = "1,2";
			};
			name = Release;
		};
/* End XCBuildConfiguration section */

/* Begin XCConfigurationList section */
		846D83AB22C6958300D4D2AD /* Build configuration list for PBXProject "ToDoey" */ = {
			isa = XCConfigurationList;
			buildConfigurations = (
				846D83C022C6958500D4D2AD /* Debug */,
				846D83C122C6958500D4D2AD /* Release */,
			);
			defaultConfigurationIsVisible = 0;
			defaultConfigurationName = Release;
		};
		846D83C222C6958500D4D2AD /* Build configuration list for PBXNativeTarget "ToDoey" */ = {
			isa = XCConfigurationList;
			buildConfigurations = (
				846D83C322C6958500D4D2AD /* Debug */,
				846D83C422C6958500D4D2AD /* Release */,
			);
			defaultConfigurationIsVisible = 0;
			defaultConfigurationName = Release;
		};
/* End XCConfigurationList section */

/* Begin XCVersionGroup section */
		84F2CED322E0E08000ED2124 /* DataModel.xcdatamodeld */ = {
			isa = XCVersionGroup;
			children = (
				84F2CED422E0E08000ED2124 /* DataModel.xcdatamodel */,
			);
			currentVersion = 84F2CED422E0E08000ED2124 /* DataModel.xcdatamodel */;
			path = DataModel.xcdatamodeld;
			sourceTree = "<group>";
			versionGroupType = wrapper.xcdatamodel;
		};
/* End XCVersionGroup section */
	};
	rootObject = 846D83A822C6958300D4D2AD /* Project object */;
}
